
Microsoft Visual Studio Solution File, Format Version 12.00
# Visual Studio Version 17
VisualStudioVersion = 17.14.36310.24 d17.14
MinimumVisualStudioVersion = 10.0.40219.1
Project("{FAE04EC0-301F-11D3-BF4B-00C04F79EFBC}") = "assignment _oop_2", "assignment _oop_2\assignment _oop_2.csproj", "{CCAD3DBF-84BC-4721-9B10-09A7BE702FF8}"
EndProject
Global
	GlobalSection(SolutionConfigurationPlatforms) = preSolution
		Debug|Any CPU = Debug|Any CPU
		Release|Any CPU = Release|Any CPU
	EndGlobalSection
	GlobalSection(ProjectConfigurationPlatforms) = postSolution
		{CCAD3DBF-84BC-4721-9B10-09A7BE702FF8}.Debug|Any CPU.ActiveCfg = Debug|Any CPU
		{CCAD3DBF-84BC-4721-9B10-09A7BE702FF8}.Debug|Any CPU.Build.0 = Debug|Any CPU
		{CCAD3DBF-84BC-4721-9B10-09A7BE702FF8}.Release|Any CPU.ActiveCfg = Release|Any CPU
		{CCAD3DBF-84BC-4721-9B10-09A7BE702FF8}.Release|Any CPU.Build.0 = Release|Any CPU
	EndGlobalSection
	GlobalSection(SolutionProperties) = preSolution
		HideSolutionNode = FALSE
	EndGlobalSection
	GlobalSection(ExtensibilityGlobals) = postSolution
		SolutionGuid = {20FDF6EA-B084-48E2-9FDE-4EBDE39D8356}
	EndGlobalSection
EndGlobal
